
Microsoft Visual Studio Solution File, Format Version 12.00
# Visual Studio Version 17
VisualStudioVersion = 17.4.33205.214
MinimumVisualStudioVersion = 10.0.40219.1
Project("{FAE04EC0-301F-11D3-BF4B-00C04F79EFBC}") = "ComboboxCheckboxWPF", "ComboboxWPF\ComboboxCheckboxWPF.csproj", "{16C0CD2C-71FE-43A0-95D6-3D09A3B75971}"
EndProject
Global
	GlobalSection(SolutionConfigurationPlatforms) = preSolution
		Debug|Any CPU = Debug|Any CPU
		Release|Any CPU = Release|Any CPU
	EndGlobalSection
	GlobalSection(ProjectConfigurationPlatforms) = postSolution
		{16C0CD2C-71FE-43A0-95D6-3D09A3B75971}.Debug|Any CPU.ActiveCfg = Debug|Any CPU
		{16C0CD2C-71FE-43A0-95D6-3D09A3B75971}.Debug|Any CPU.Build.0 = Debug|Any CPU
		{16C0CD2C-71FE-43A0-95D6-3D09A3B75971}.Release|Any CPU.ActiveCfg = Release|Any CPU
		{16C0CD2C-71FE-43A0-95D6-3D09A3B75971}.Release|Any CPU.Build.0 = Release|Any CPU
	EndGlobalSection
	GlobalSection(SolutionProperties) = preSolution
		HideSolutionNode = FALSE
	EndGlobalSection
	GlobalSection(ExtensibilityGlobals) = postSolution
		SolutionGuid = {CEE463C3-6879-4F6B-8FD2-E9F24B3E71F5}
	EndGlobalSection
EndGlobal
